
Microsoft Visual Studio Solution File, Format Version 12.00
# Visual Studio Version 17
VisualStudioVersion = 17.2.32505.173
MinimumVisualStudioVersion = 10.0.40219.1
Project("{9A19103F-16F7-4668-BE54-9A1E7A4F7556}") = "equilateralTriangle.prj", "equilateralTriangle.prj\equilateralTriangle.prj.csproj", "{37C2A6D5-38D8-4ACF-AB38-22BDC5B387CF}"
EndProject
Project("{9A19103F-16F7-4668-BE54-9A1E7A4F7556}") = "numbersInArray.prj", "numbersInArray.prj\numbersInArray.prj.csproj", "{1966FF1B-ED6B-4737-87C6-7AD6591BBC29}"
EndProject
Project("{9A19103F-16F7-4668-BE54-9A1E7A4F7556}") = "ageDetermination.prj", "ageDetermination.prj\ageDetermination.prj.csproj", "{5458C4A6-7B60-4405-B4C4-DC02626CD9AF}"
EndProject
Global
	GlobalSection(SolutionConfigurationPlatforms) = preSolution
		Debug|Any CPU = Debug|Any CPU
		Release|Any CPU = Release|Any CPU
	EndGlobalSection
	GlobalSection(ProjectConfigurationPlatforms) = postSolution
		{37C2A6D5-38D8-4ACF-AB38-22BDC5B387CF}.Debug|Any CPU.ActiveCfg = Debug|Any CPU
		{37C2A6D5-38D8-4ACF-AB38-22BDC5B387CF}.Debug|Any CPU.Build.0 = Debug|Any CPU
		{37C2A6D5-38D8-4ACF-AB38-22BDC5B387CF}.Release|Any CPU.ActiveCfg = Release|Any CPU
		{37C2A6D5-38D8-4ACF-AB38-22BDC5B387CF}.Release|Any CPU.Build.0 = Release|Any CPU
		{1966FF1B-ED6B-4737-87C6-7AD6591BBC29}.Debug|Any CPU.ActiveCfg = Debug|Any CPU
		{1966FF1B-ED6B-4737-87C6-7AD6591BBC29}.Debug|Any CPU.Build.0 = Debug|Any CPU
		{1966FF1B-ED6B-4737-87C6-7AD6591BBC29}.Release|Any CPU.ActiveCfg = Release|Any CPU
		{1966FF1B-ED6B-4737-87C6-7AD6591BBC29}.Release|Any CPU.Build.0 = Release|Any CPU
		{5458C4A6-7B60-4405-B4C4-DC02626CD9AF}.Debug|Any CPU.ActiveCfg = Debug|Any CPU
		{5458C4A6-7B60-4405-B4C4-DC02626CD9AF}.Debug|Any CPU.Build.0 = Debug|Any CPU
		{5458C4A6-7B60-4405-B4C4-DC02626CD9AF}.Release|Any CPU.ActiveCfg = Release|Any CPU
		{5458C4A6-7B60-4405-B4C4-DC02626CD9AF}.Release|Any CPU.Build.0 = Release|Any CPU
	EndGlobalSection
	GlobalSection(SolutionProperties) = preSolution
		HideSolutionNode = FALSE
	EndGlobalSection
	GlobalSection(ExtensibilityGlobals) = postSolution
		SolutionGuid = {BAD1E023-0FEA-477F-BB52-CCD712235BEF}
	EndGlobalSection
EndGlobal
